
Microsoft Visual Studio Solution File, Format Version 12.00
# Visual Studio Version 16
VisualStudioVersion = 16.0.31321.278
MinimumVisualStudioVersion = 10.0.40219.1
Project("{FAE04EC0-301F-11D3-BF4B-00C04F79EFBC}") = "NewCo", "NewCo\NewCo.csproj", "{09349786-F271-4A33-BA74-7DDAA825E631}"
EndProject
Global
	GlobalSection(SolutionConfigurationPlatforms) = preSolution
		Debug|Any CPU = Debug|Any CPU
		Release|Any CPU = Release|Any CPU
	EndGlobalSection
	GlobalSection(ProjectConfigurationPlatforms) = postSolution
		{09349786-F271-4A33-BA74-7DDAA825E631}.Debug|Any CPU.ActiveCfg = Debug|Any CPU
		{09349786-F271-4A33-BA74-7DDAA825E631}.Debug|Any CPU.Build.0 = Debug|Any CPU
		{09349786-F271-4A33-BA74-7DDAA825E631}.Release|Any CPU.ActiveCfg = Release|Any CPU
		{09349786-F271-4A33-BA74-7DDAA825E631}.Release|Any CPU.Build.0 = Release|Any CPU
	EndGlobalSection
	GlobalSection(SolutionProperties) = preSolution
		HideSolutionNode = FALSE
	EndGlobalSection
	GlobalSection(ExtensibilityGlobals) = postSolution
		SolutionGuid = {C913F969-4675-42D7-8D5B-4F116D664B07}
	EndGlobalSection
EndGlobal
