
Microsoft Visual Studio Solution File, Format Version 12.00
# Visual Studio Version 16
VisualStudioVersion = 16.0.31321.278
MinimumVisualStudioVersion = 10.0.40219.1
Project("{9A19103F-16F7-4668-BE54-9A1E7A4F7556}") = "NewCo", "NewCo\NewCo.csproj", "{09349786-F271-4A33-BA74-7DDAA825E631}"
EndProject
Project("{9A19103F-16F7-4668-BE54-9A1E7A4F7556}") = "TestDataSet", "TestDataSet\TestDataSet.csproj", "{8F8355EA-C9EB-47D2-B108-4806E14CBE67}"
EndProject
Project("{9A19103F-16F7-4668-BE54-9A1E7A4F7556}") = "NewCoEF.DbFirst", "NewCoEF.DbFirst\NewCoEF.DbFirst.csproj", "{C9E5B368-C9A4-476E-845A-790047579992}"
EndProject
Project("{9A19103F-16F7-4668-BE54-9A1E7A4F7556}") = "NewCoEF", "NewCoEF\NewCoEF.csproj", "{360DF721-6B88-4F24-8585-8B7BE324A060}"
EndProject
Project("{9A19103F-16F7-4668-BE54-9A1E7A4F7556}") = "NewCo.ApiTest", "NewCo.ApiTest\NewCo.ApiTest.csproj", "{3615C107-FEE0-448D-B39A-2F48D34C6FCD}"
EndProject
Project("{9A19103F-16F7-4668-BE54-9A1E7A4F7556}") = "NewCo.Shared", "NewCo.Shared\NewCo.Shared.csproj", "{E3586128-F66A-486B-8C96-BF737D83E577}"
EndProject
Project("{9A19103F-16F7-4668-BE54-9A1E7A4F7556}") = "TestGlobalization", "TestGlobalization\TestGlobalization.csproj", "{C079D3E8-8DC0-4BA0-B537-DF7ACC02CA0B}"
EndProject
Project("{FAE04EC0-301F-11D3-BF4B-00C04F79EFBC}") = "NewCoEF.Security", "NewCoEF.Security\NewCoEF.Security.csproj", "{933CDEBA-113B-4A9D-BBE7-8E7E32A44072}"
EndProject
Global
	GlobalSection(SolutionConfigurationPlatforms) = preSolution
		Debug|Any CPU = Debug|Any CPU
		Release|Any CPU = Release|Any CPU
	EndGlobalSection
	GlobalSection(ProjectConfigurationPlatforms) = postSolution
		{09349786-F271-4A33-BA74-7DDAA825E631}.Debug|Any CPU.ActiveCfg = Debug|Any CPU
		{09349786-F271-4A33-BA74-7DDAA825E631}.Debug|Any CPU.Build.0 = Debug|Any CPU
		{09349786-F271-4A33-BA74-7DDAA825E631}.Release|Any CPU.ActiveCfg = Release|Any CPU
		{09349786-F271-4A33-BA74-7DDAA825E631}.Release|Any CPU.Build.0 = Release|Any CPU
		{8F8355EA-C9EB-47D2-B108-4806E14CBE67}.Debug|Any CPU.ActiveCfg = Debug|Any CPU
		{8F8355EA-C9EB-47D2-B108-4806E14CBE67}.Debug|Any CPU.Build.0 = Debug|Any CPU
		{8F8355EA-C9EB-47D2-B108-4806E14CBE67}.Release|Any CPU.ActiveCfg = Release|Any CPU
		{8F8355EA-C9EB-47D2-B108-4806E14CBE67}.Release|Any CPU.Build.0 = Release|Any CPU
		{C9E5B368-C9A4-476E-845A-790047579992}.Debug|Any CPU.ActiveCfg = Debug|Any CPU
		{C9E5B368-C9A4-476E-845A-790047579992}.Debug|Any CPU.Build.0 = Debug|Any CPU
		{C9E5B368-C9A4-476E-845A-790047579992}.Release|Any CPU.ActiveCfg = Release|Any CPU
		{C9E5B368-C9A4-476E-845A-790047579992}.Release|Any CPU.Build.0 = Release|Any CPU
		{360DF721-6B88-4F24-8585-8B7BE324A060}.Debug|Any CPU.ActiveCfg = Debug|Any CPU
		{360DF721-6B88-4F24-8585-8B7BE324A060}.Debug|Any CPU.Build.0 = Debug|Any CPU
		{360DF721-6B88-4F24-8585-8B7BE324A060}.Release|Any CPU.ActiveCfg = Release|Any CPU
		{360DF721-6B88-4F24-8585-8B7BE324A060}.Release|Any CPU.Build.0 = Release|Any CPU
		{3615C107-FEE0-448D-B39A-2F48D34C6FCD}.Debug|Any CPU.ActiveCfg = Debug|Any CPU
		{3615C107-FEE0-448D-B39A-2F48D34C6FCD}.Debug|Any CPU.Build.0 = Debug|Any CPU
		{3615C107-FEE0-448D-B39A-2F48D34C6FCD}.Release|Any CPU.ActiveCfg = Release|Any CPU
		{3615C107-FEE0-448D-B39A-2F48D34C6FCD}.Release|Any CPU.Build.0 = Release|Any CPU
		{E3586128-F66A-486B-8C96-BF737D83E577}.Debug|Any CPU.ActiveCfg = Debug|Any CPU
		{E3586128-F66A-486B-8C96-BF737D83E577}.Debug|Any CPU.Build.0 = Debug|Any CPU
		{E3586128-F66A-486B-8C96-BF737D83E577}.Release|Any CPU.ActiveCfg = Release|Any CPU
		{E3586128-F66A-486B-8C96-BF737D83E577}.Release|Any CPU.Build.0 = Release|Any CPU
		{C079D3E8-8DC0-4BA0-B537-DF7ACC02CA0B}.Debug|Any CPU.ActiveCfg = Debug|Any CPU
		{C079D3E8-8DC0-4BA0-B537-DF7ACC02CA0B}.Debug|Any CPU.Build.0 = Debug|Any CPU
		{C079D3E8-8DC0-4BA0-B537-DF7ACC02CA0B}.Release|Any CPU.ActiveCfg = Release|Any CPU
		{C079D3E8-8DC0-4BA0-B537-DF7ACC02CA0B}.Release|Any CPU.Build.0 = Release|Any CPU
		{933CDEBA-113B-4A9D-BBE7-8E7E32A44072}.Debug|Any CPU.ActiveCfg = Debug|Any CPU
		{933CDEBA-113B-4A9D-BBE7-8E7E32A44072}.Debug|Any CPU.Build.0 = Debug|Any CPU
		{933CDEBA-113B-4A9D-BBE7-8E7E32A44072}.Release|Any CPU.ActiveCfg = Release|Any CPU
		{933CDEBA-113B-4A9D-BBE7-8E7E32A44072}.Release|Any CPU.Build.0 = Release|Any CPU
	EndGlobalSection
	GlobalSection(SolutionProperties) = preSolution
		HideSolutionNode = FALSE
	EndGlobalSection
	GlobalSection(ExtensibilityGlobals) = postSolution
		SolutionGuid = {C913F969-4675-42D7-8D5B-4F116D664B07}
	EndGlobalSection
EndGlobal
